
Microsoft Visual Studio Solution File, Format Version 10.00
# Visual Studio 2008
Project("{8BC9CEB8-8B4A-11D0-8D11-00A0C91BC942}") = "update.i-08", "update.i-08\update.i-08.vcproj", "{BC50A5AD-F193-48DA-8921-A9658C06DA9E}"
EndProject
Project("{8BC9CEB8-8B4A-11D0-8D11-00A0C91BC942}") = "update-08", "update-08\update-08.vcproj", "{CEB36C69-EF73-4DF8-BBEF-3D6E69944B90}"
EndProject
Project("{8BC9CEB8-8B4A-11D0-8D11-00A0C91BC942}") = "startup-08", "startup-08\startup-08.vcproj", "{320C23EA-2EE9-416F-A681-D08A8FEA4D04}"
	ProjectSection(ProjectDependencies) = postProject
		{CEB36C69-EF73-4DF8-BBEF-3D6E69944B90} = {CEB36C69-EF73-4DF8-BBEF-3D6E69944B90}
		{BC50A5AD-F193-48DA-8921-A9658C06DA9E} = {BC50A5AD-F193-48DA-8921-A9658C06DA9E}
	EndProjectSection
EndProject
Project("{8BC9CEB8-8B4A-11D0-8D11-00A0C91BC942}") = "utility", "..\Utility\utility-08\utility-08.vcproj", "{B3041EFA-5862-48AD-9D92-845A4CA55FF3}"
EndProject
Global
	GlobalSection(SolutionConfigurationPlatforms) = preSolution
		Debug|Win32 = Debug|Win32
		Release|Win32 = Release|Win32
	EndGlobalSection
	GlobalSection(ProjectConfigurationPlatforms) = postSolution
		{BC50A5AD-F193-48DA-8921-A9658C06DA9E}.Debug|Win32.ActiveCfg = Debug|Win32
		{BC50A5AD-F193-48DA-8921-A9658C06DA9E}.Debug|Win32.Build.0 = Debug|Win32
		{BC50A5AD-F193-48DA-8921-A9658C06DA9E}.Release|Win32.ActiveCfg = Release|Win32
		{BC50A5AD-F193-48DA-8921-A9658C06DA9E}.Release|Win32.Build.0 = Release|Win32
		{CEB36C69-EF73-4DF8-BBEF-3D6E69944B90}.Debug|Win32.ActiveCfg = Debug|Win32
		{CEB36C69-EF73-4DF8-BBEF-3D6E69944B90}.Debug|Win32.Build.0 = Debug|Win32
		{CEB36C69-EF73-4DF8-BBEF-3D6E69944B90}.Release|Win32.ActiveCfg = Release|Win32
		{CEB36C69-EF73-4DF8-BBEF-3D6E69944B90}.Release|Win32.Build.0 = Release|Win32
		{320C23EA-2EE9-416F-A681-D08A8FEA4D04}.Debug|Win32.ActiveCfg = Debug|Win32
		{320C23EA-2EE9-416F-A681-D08A8FEA4D04}.Debug|Win32.Build.0 = Debug|Win32
		{320C23EA-2EE9-416F-A681-D08A8FEA4D04}.Release|Win32.ActiveCfg = Release|Win32
		{320C23EA-2EE9-416F-A681-D08A8FEA4D04}.Release|Win32.Build.0 = Release|Win32
		{B3041EFA-5862-48AD-9D92-845A4CA55FF3}.Debug|Win32.ActiveCfg = Debug|Win32
		{B3041EFA-5862-48AD-9D92-845A4CA55FF3}.Debug|Win32.Build.0 = Debug|Win32
		{B3041EFA-5862-48AD-9D92-845A4CA55FF3}.Release|Win32.ActiveCfg = Release|Win32
		{B3041EFA-5862-48AD-9D92-845A4CA55FF3}.Release|Win32.Build.0 = Release|Win32
	EndGlobalSection
	GlobalSection(SolutionProperties) = preSolution
		HideSolutionNode = FALSE
	EndGlobalSection
EndGlobal
